
Microsoft Visual Studio Solution File, Format Version 12.00
# Visual Studio Version 16
VisualStudioVersion = 16.0.29926.136
MinimumVisualStudioVersion = 10.0.40219.1
Project("{FAE04EC0-301F-11D3-BF4B-00C04F79EFBC}") = "ModularBOT", "ModularBOT\ModularBOT.csproj", "{291BABD5-417C-43B7-B67F-39FC10B7249D}"
EndProject
Project("{FAE04EC0-301F-11D3-BF4B-00C04F79EFBC}") = "TestModule", "TestModule\TestModule.csproj", "{059337A8-C075-43D0-BB66-659729E9A50D}"
EndProject
Project("{FAE04EC0-301F-11D3-BF4B-00C04F79EFBC}") = "Discord.Addons.Interactive", "Discord.Addons.Interactive\Discord.Addons.Interactive.csproj", "{DDE7CCFF-E5AD-41BE-85F7-0492E335D007}"
EndProject
Project("{FAE04EC0-301F-11D3-BF4B-00C04F79EFBC}") = "QuotesDB", "QuotesDB\QuotesDB.csproj", "{0BB3D22C-2887-433E-B0EF-1991FBAFC4F0}"
EndProject
Project("{FAE04EC0-301F-11D3-BF4B-00C04F79EFBC}") = "RMSFT.PFFrames", "RMSFT.PFFrames\RMSFT.PFFrames.csproj", "{D999C814-5106-48B7-A5FA-A98F4EE3DA9E}"
EndProject
Global
	GlobalSection(SolutionConfigurationPlatforms) = preSolution
		Debug|Any CPU = Debug|Any CPU
		Release|Any CPU = Release|Any CPU
	EndGlobalSection
	GlobalSection(ProjectConfigurationPlatforms) = postSolution
		{291BABD5-417C-43B7-B67F-39FC10B7249D}.Debug|Any CPU.ActiveCfg = Debug|Any CPU
		{291BABD5-417C-43B7-B67F-39FC10B7249D}.Debug|Any CPU.Build.0 = Debug|Any CPU
		{291BABD5-417C-43B7-B67F-39FC10B7249D}.Release|Any CPU.ActiveCfg = Release|Any CPU
		{291BABD5-417C-43B7-B67F-39FC10B7249D}.Release|Any CPU.Build.0 = Release|Any CPU
		{059337A8-C075-43D0-BB66-659729E9A50D}.Debug|Any CPU.ActiveCfg = Debug|Any CPU
		{059337A8-C075-43D0-BB66-659729E9A50D}.Debug|Any CPU.Build.0 = Debug|Any CPU
		{059337A8-C075-43D0-BB66-659729E9A50D}.Release|Any CPU.ActiveCfg = Release|Any CPU
		{059337A8-C075-43D0-BB66-659729E9A50D}.Release|Any CPU.Build.0 = Release|Any CPU
		{DDE7CCFF-E5AD-41BE-85F7-0492E335D007}.Debug|Any CPU.ActiveCfg = Debug|Any CPU
		{DDE7CCFF-E5AD-41BE-85F7-0492E335D007}.Debug|Any CPU.Build.0 = Debug|Any CPU
		{DDE7CCFF-E5AD-41BE-85F7-0492E335D007}.Release|Any CPU.ActiveCfg = Release|Any CPU
		{DDE7CCFF-E5AD-41BE-85F7-0492E335D007}.Release|Any CPU.Build.0 = Release|Any CPU
		{0BB3D22C-2887-433E-B0EF-1991FBAFC4F0}.Debug|Any CPU.ActiveCfg = Debug|Any CPU
		{0BB3D22C-2887-433E-B0EF-1991FBAFC4F0}.Debug|Any CPU.Build.0 = Debug|Any CPU
		{0BB3D22C-2887-433E-B0EF-1991FBAFC4F0}.Release|Any CPU.ActiveCfg = Release|Any CPU
		{0BB3D22C-2887-433E-B0EF-1991FBAFC4F0}.Release|Any CPU.Build.0 = Release|Any CPU
		{D999C814-5106-48B7-A5FA-A98F4EE3DA9E}.Debug|Any CPU.ActiveCfg = Debug|Any CPU
		{D999C814-5106-48B7-A5FA-A98F4EE3DA9E}.Debug|Any CPU.Build.0 = Debug|Any CPU
		{D999C814-5106-48B7-A5FA-A98F4EE3DA9E}.Release|Any CPU.ActiveCfg = Release|Any CPU
		{D999C814-5106-48B7-A5FA-A98F4EE3DA9E}.Release|Any CPU.Build.0 = Release|Any CPU
	EndGlobalSection
	GlobalSection(SolutionProperties) = preSolution
		HideSolutionNode = FALSE
	EndGlobalSection
	GlobalSection(ExtensibilityGlobals) = postSolution
		SolutionGuid = {7666F7D2-6396-4EA6-A9BE-BD6F919EE1AA}
	EndGlobalSection
EndGlobal
