
Microsoft Visual Studio Solution File, Format Version 12.00
# Visual Studio 15
VisualStudioVersion = 15.0.28307.489
MinimumVisualStudioVersion = 10.0.40219.1
Project("{FAE04EC0-301F-11D3-BF4B-00C04F79EFBC}") = "ModularBOT", "ModularBOT\ModularBOT.csproj", "{291BABD5-417C-43B7-B67F-39FC10B7249D}"
EndProject
Project("{FAE04EC0-301F-11D3-BF4B-00C04F79EFBC}") = "TestModule", "TestModule\TestModule.csproj", "{059337A8-C075-43D0-BB66-659729E9A50D}"
EndProject
Project("{FAE04EC0-301F-11D3-BF4B-00C04F79EFBC}") = "Discord.Addons.Interactive", "Discord.Addons.Interactive\Discord.Addons.Interactive.csproj", "{DDE7CCFF-E5AD-41BE-85F7-0492E335D007}"
EndProject
Project("{FAE04EC0-301F-11D3-BF4B-00C04F79EFBC}") = "Moddblapi100", "C:\Users\Ryan\source\repos\Moddblapi100\Moddblapi100\Moddblapi100.csproj", "{F8A324AF-44AC-40F5-A9DF-B81945508674}"
EndProject
Project("{9A19103F-16F7-4668-BE54-9A1E7A4F7556}") = "DiscordBotsList.Api", "C:\Users\Ryan\source\repos\DBL-dotnet-Library\DiscordBotsList.Api\DiscordBotsList.Api.csproj", "{7869D2F1-56F5-4329-972B-E78E87522D7D}"
EndProject
Global
	GlobalSection(SolutionConfigurationPlatforms) = preSolution
		Debug|Any CPU = Debug|Any CPU
		Release|Any CPU = Release|Any CPU
	EndGlobalSection
	GlobalSection(ProjectConfigurationPlatforms) = postSolution
		{291BABD5-417C-43B7-B67F-39FC10B7249D}.Debug|Any CPU.ActiveCfg = Debug|Any CPU
		{291BABD5-417C-43B7-B67F-39FC10B7249D}.Debug|Any CPU.Build.0 = Debug|Any CPU
		{291BABD5-417C-43B7-B67F-39FC10B7249D}.Release|Any CPU.ActiveCfg = Release|Any CPU
		{291BABD5-417C-43B7-B67F-39FC10B7249D}.Release|Any CPU.Build.0 = Release|Any CPU
		{059337A8-C075-43D0-BB66-659729E9A50D}.Debug|Any CPU.ActiveCfg = Debug|Any CPU
		{059337A8-C075-43D0-BB66-659729E9A50D}.Debug|Any CPU.Build.0 = Debug|Any CPU
		{059337A8-C075-43D0-BB66-659729E9A50D}.Release|Any CPU.ActiveCfg = Release|Any CPU
		{059337A8-C075-43D0-BB66-659729E9A50D}.Release|Any CPU.Build.0 = Release|Any CPU
		{DDE7CCFF-E5AD-41BE-85F7-0492E335D007}.Debug|Any CPU.ActiveCfg = Debug|Any CPU
		{DDE7CCFF-E5AD-41BE-85F7-0492E335D007}.Debug|Any CPU.Build.0 = Debug|Any CPU
		{DDE7CCFF-E5AD-41BE-85F7-0492E335D007}.Release|Any CPU.ActiveCfg = Release|Any CPU
		{DDE7CCFF-E5AD-41BE-85F7-0492E335D007}.Release|Any CPU.Build.0 = Release|Any CPU
		{F8A324AF-44AC-40F5-A9DF-B81945508674}.Debug|Any CPU.ActiveCfg = Debug|Any CPU
		{F8A324AF-44AC-40F5-A9DF-B81945508674}.Debug|Any CPU.Build.0 = Debug|Any CPU
		{F8A324AF-44AC-40F5-A9DF-B81945508674}.Release|Any CPU.ActiveCfg = Release|Any CPU
		{F8A324AF-44AC-40F5-A9DF-B81945508674}.Release|Any CPU.Build.0 = Release|Any CPU
		{7869D2F1-56F5-4329-972B-E78E87522D7D}.Debug|Any CPU.ActiveCfg = Debug|Any CPU
		{7869D2F1-56F5-4329-972B-E78E87522D7D}.Debug|Any CPU.Build.0 = Debug|Any CPU
		{7869D2F1-56F5-4329-972B-E78E87522D7D}.Release|Any CPU.ActiveCfg = Release|Any CPU
		{7869D2F1-56F5-4329-972B-E78E87522D7D}.Release|Any CPU.Build.0 = Release|Any CPU
	EndGlobalSection
	GlobalSection(SolutionProperties) = preSolution
		HideSolutionNode = FALSE
	EndGlobalSection
	GlobalSection(ExtensibilityGlobals) = postSolution
		SolutionGuid = {7666F7D2-6396-4EA6-A9BE-BD6F919EE1AA}
	EndGlobalSection
EndGlobal
